
Microsoft Visual Studio Solution File, Format Version 11.00
# Visual C++ Express 2010
Project("{8BC9CEB8-8B4A-11D0-8D11-00A0C91BC942}") = "fulladder", "fulladder.vcxproj", "{E8C7A9A9-C0FB-42ED-85BE-26665E9A6FFE}"
EndProject
Global
	GlobalSection(SolutionConfigurationPlatforms) = preSolution
		Debug|Win32 = Debug|Win32
		Release|Win32 = Release|Win32
	EndGlobalSection
	GlobalSection(ProjectConfigurationPlatforms) = postSolution
		{E8C7A9A9-C0FB-42ED-85BE-26665E9A6FFE}.Debug|Win32.ActiveCfg = Debug|Win32
		{E8C7A9A9-C0FB-42ED-85BE-26665E9A6FFE}.Debug|Win32.Build.0 = Debug|Win32
		{E8C7A9A9-C0FB-42ED-85BE-26665E9A6FFE}.Release|Win32.ActiveCfg = Release|Win32
		{E8C7A9A9-C0FB-42ED-85BE-26665E9A6FFE}.Release|Win32.Build.0 = Release|Win32
	EndGlobalSection
	GlobalSection(SolutionProperties) = preSolution
		HideSolutionNode = FALSE
	EndGlobalSection
EndGlobal
